
Microsoft Visual Studio Solution File, Format Version 12.00
# Visual Studio Version 16
VisualStudioVersion = 16.0.30104.148
MinimumVisualStudioVersion = 10.0.40219.1
Project("{FAE04EC0-301F-11D3-BF4B-00C04F79EFBC}") = "ClientRest_20190140011_Bima Bayu Saputra", "ClientRest_20190140011_Bima Bayu Saputra\ClientRest_20190140011_Bima Bayu Saputra.csproj", "{A726C356-E632-41AF-A91D-C38F519B4BE6}"
EndProject
Global
	GlobalSection(SolutionConfigurationPlatforms) = preSolution
		Debug|Any CPU = Debug|Any CPU
		Release|Any CPU = Release|Any CPU
	EndGlobalSection
	GlobalSection(ProjectConfigurationPlatforms) = postSolution
		{A726C356-E632-41AF-A91D-C38F519B4BE6}.Debug|Any CPU.ActiveCfg = Debug|Any CPU
		{A726C356-E632-41AF-A91D-C38F519B4BE6}.Debug|Any CPU.Build.0 = Debug|Any CPU
		{A726C356-E632-41AF-A91D-C38F519B4BE6}.Release|Any CPU.ActiveCfg = Release|Any CPU
		{A726C356-E632-41AF-A91D-C38F519B4BE6}.Release|Any CPU.Build.0 = Release|Any CPU
	EndGlobalSection
	GlobalSection(SolutionProperties) = preSolution
		HideSolutionNode = FALSE
	EndGlobalSection
	GlobalSection(ExtensibilityGlobals) = postSolution
		SolutionGuid = {5CE5252F-683A-4730-84EC-93B662976511}
	EndGlobalSection
EndGlobal
